// !$*UTF8*$!
{
	archiveVersion = 1;
	classes = {
	};
	objectVersion = 77;
	objects = {

/* Begin PBXBuildFile section */
		58069D032DE5B00B00BC08B8 /* FirebaseCrashlytics in Frameworks */ = {isa = PBXBuildFile; productRef = 58069D022DE5B00B00BC08B8 /* FirebaseCrashlytics */; };
		58069D052DE5B00B00BC08B8 /* FirebasePerformance in Frameworks */ = {isa = PBXBuildFile; productRef = 58069D042DE5B00B00BC08B8 /* FirebasePerformance */; };
		5835F1D72DB2EFC500DD01D1 /* FirebaseAnalytics in Frameworks */ = {isa = PBXBuildFile; productRef = 5835F1D62DB2EFC500DD01D1 /* FirebaseAnalytics */; };
		5835F1D92DB2EFC500DD01D1 /* FirebaseAuth in Frameworks */ = {isa = PBXBuildFile; productRef = 5835F1D82DB2EFC500DD01D1 /* FirebaseAuth */; };
		5835F1DB2DB2EFC500DD01D1 /* FirebaseFirestore in Frameworks */ = {isa = PBXBuildFile; productRef = 5835F1DA2DB2EFC500DD01D1 /* FirebaseFirestore */; };
		5835F1DD2DB2EFC500DD01D1 /* FirebaseStorage in Frameworks */ = {isa = PBXBuildFile; productRef = 5835F1DC2DB2EFC500DD01D1 /* FirebaseStorage */; };
		58D3A9392DAD8B3B008E4460 /* Lottie in Frameworks */ = {isa = PBXBuildFile; productRef = 58D3A9382DAD8B3B008E4460 /* Lottie */; };
/* End PBXBuildFile section */

/* Begin PBXContainerItemProxy section */
		58DED3402D7DE27C0020808B /* PBXContainerItemProxy */ = {
			isa = PBXContainerItemProxy;
			containerPortal = 58DED3272D7DE27B0020808B /* Project object */;
			proxyType = 1;
			remoteGlobalIDString = 58DED32E2D7DE27B0020808B;
			remoteInfo = TravelGuideApp;
		};
		58DED34A2D7DE27C0020808B /* PBXContainerItemProxy */ = {
			isa = PBXContainerItemProxy;
			containerPortal = 58DED3272D7DE27B0020808B /* Project object */;
			proxyType = 1;
			remoteGlobalIDString = 58DED32E2D7DE27B0020808B;
			remoteInfo = TravelGuideApp;
		};
/* End PBXContainerItemProxy section */

/* Begin PBXFileReference section */
		58DED32F2D7DE27B0020808B /* TravelGuideApp.app */ = {isa = PBXFileReference; explicitFileType = wrapper.application; includeInIndex = 0; path = TravelGuideApp.app; sourceTree = BUILT_PRODUCTS_DIR; };
		58DED33F2D7DE27C0020808B /* TravelGuideAppTests.xctest */ = {isa = PBXFileReference; explicitFileType = wrapper.cfbundle; includeInIndex = 0; path = TravelGuideAppTests.xctest; sourceTree = BUILT_PRODUCTS_DIR; };
		58DED3492D7DE27C0020808B /* TravelGuideAppUITests.xctest */ = {isa = PBXFileReference; explicitFileType = wrapper.cfbundle; includeInIndex = 0; path = TravelGuideAppUITests.xctest; sourceTree = BUILT_PRODUCTS_DIR; };
/* End PBXFileReference section */

/* Begin PBXFileSystemSynchronizedBuildFileExceptionSet section */
		587741342DAAC93D00D02D85 /* Exceptions for "TravelGuideApp" folder in "TravelGuideAppTests" target */ = {
			isa = PBXFileSystemSynchronizedBuildFileExceptionSet;
			membershipExceptions = (
				Asset/countries_and_cities.json,
				Asset/historical_places.json,
				Asset/loadingAnimation.json,
				Asset/place_info.json,
				Asset/recognitionSuccess.json,
				Asset/test_deneme,
				Firebase/ArrayChunked.swift,
				Firebase/AuthService.swift,
				Firebase/FirebaseCrashReporter.swift,
				"Firebase/GoogleService-Info.plist",
				Firebase/ProfileStatsProvider.swift,
			);
			target = 58DED33E2D7DE27C0020808B /* TravelGuideAppTests */;
		};
		587741352DAAC93D00D02D85 /* Exceptions for "TravelGuideApp" folder in "TravelGuideAppUITests" target */ = {
			isa = PBXFileSystemSynchronizedBuildFileExceptionSet;
			membershipExceptions = (
				Asset/countries_and_cities.json,
				Asset/historical_places.json,
				Asset/loadingAnimation.json,
				Asset/place_info.json,
				Asset/recognitionSuccess.json,
				Asset/test_deneme,
				Firebase/ArrayChunked.swift,
				Firebase/AuthService.swift,
				Firebase/FirebaseCrashReporter.swift,
				"Firebase/GoogleService-Info.plist",
				Firebase/ProfileStatsProvider.swift,
			);
			target = 58DED3482D7DE27C0020808B /* TravelGuideAppUITests */;
		};
		587741F12DAB154200D02D85 /* Exceptions for "TravelGuideApp" folder in "TravelGuideApp" target */ = {
			isa = PBXFileSystemSynchronizedBuildFileExceptionSet;
			membershipExceptions = (
				Info.plist,
			);
			target = 58DED32E2D7DE27B0020808B /* TravelGuideApp */;
		};
/* End PBXFileSystemSynchronizedBuildFileExceptionSet section */

/* Begin PBXFileSystemSynchronizedRootGroup section */
		58DED3312D7DE27B0020808B /* TravelGuideApp */ = {
			isa = PBXFileSystemSynchronizedRootGroup;
			exceptions = (
				587741F12DAB154200D02D85 /* Exceptions for "TravelGuideApp" folder in "TravelGuideApp" target */,
				587741342DAAC93D00D02D85 /* Exceptions for "TravelGuideApp" folder in "TravelGuideAppTests" target */,
				587741352DAAC93D00D02D85 /* Exceptions for "TravelGuideApp" folder in "TravelGuideAppUITests" target */,
			);
			explicitFolders = (
				Asset/test_deneme,
			);
			path = TravelGuideApp;
			sourceTree = "<group>";
		};
		58DED3422D7DE27C0020808B /* TravelGuideAppTests */ = {
			isa = PBXFileSystemSynchronizedRootGroup;
			path = TravelGuideAppTests;
			sourceTree = "<group>";
		};
		58DED34C2D7DE27C0020808B /* TravelGuideAppUITests */ = {
			isa = PBXFileSystemSynchronizedRootGroup;
			path = TravelGuideAppUITests;
			sourceTree = "<group>";
		};
/* End PBXFileSystemSynchronizedRootGroup section */

/* Begin PBXFrameworksBuildPhase section */
		58DED32C2D7DE27B0020808B /* Frameworks */ = {
			isa = PBXFrameworksBuildPhase;
			buildActionMask = 2147483647;
			files = (
				58069D052DE5B00B00BC08B8 /* FirebasePerformance in Frameworks */,
				5835F1D72DB2EFC500DD01D1 /* FirebaseAnalytics in Frameworks */,
				5835F1DB2DB2EFC500DD01D1 /* FirebaseFirestore in Frameworks */,
				5835F1D92DB2EFC500DD01D1 /* FirebaseAuth in Frameworks */,
				58069D032DE5B00B00BC08B8 /* FirebaseCrashlytics in Frameworks */,
				5835F1DD2DB2EFC500DD01D1 /* FirebaseStorage in Frameworks */,
				58D3A9392DAD8B3B008E4460 /* Lottie in Frameworks */,
			);
			runOnlyForDeploymentPostprocessing = 0;
		};
		58DED33C2D7DE27C0020808B /* Frameworks */ = {
			isa = PBXFrameworksBuildPhase;
			buildActionMask = 2147483647;
			files = (
			);
			runOnlyForDeploymentPostprocessing = 0;
		};
		58DED3462D7DE27C0020808B /* Frameworks */ = {
			isa = PBXFrameworksBuildPhase;
			buildActionMask = 2147483647;
			files = (
			);
			runOnlyForDeploymentPostprocessing = 0;
		};
/* End PBXFrameworksBuildPhase section */

/* Begin PBXGroup section */
		58DED3262D7DE27B0020808B = {
			isa = PBXGroup;
			children = (
				58DED3312D7DE27B0020808B /* TravelGuideApp */,
				58DED3422D7DE27C0020808B /* TravelGuideAppTests */,
				58DED34C2D7DE27C0020808B /* TravelGuideAppUITests */,
				58DED3302D7DE27B0020808B /* Products */,
			);
			sourceTree = "<group>";
		};
		58DED3302D7DE27B0020808B /* Products */ = {
			isa = PBXGroup;
			children = (
				58DED32F2D7DE27B0020808B /* TravelGuideApp.app */,
				58DED33F2D7DE27C0020808B /* TravelGuideAppTests.xctest */,
				58DED3492D7DE27C0020808B /* TravelGuideAppUITests.xctest */,
			);
			name = Products;
			sourceTree = "<group>";
		};
/* End PBXGroup section */

/* Begin PBXNativeTarget section */
		58DED32E2D7DE27B0020808B /* TravelGuideApp */ = {
			isa = PBXNativeTarget;
			buildConfigurationList = 58DED3532D7DE27C0020808B /* Build configuration list for PBXNativeTarget "TravelGuideApp" */;
			buildPhases = (
				58DED32B2D7DE27B0020808B /* Sources */,
				58DED32C2D7DE27B0020808B /* Frameworks */,
				58DED32D2D7DE27B0020808B /* Resources */,
			);
			buildRules = (
			);
			dependencies = (
			);
			fileSystemSynchronizedGroups = (
				58DED3312D7DE27B0020808B /* TravelGuideApp */,
			);
			name = TravelGuideApp;
			packageProductDependencies = (
				58D3A9382DAD8B3B008E4460 /* Lottie */,
				5835F1D62DB2EFC500DD01D1 /* FirebaseAnalytics */,
				5835F1D82DB2EFC500DD01D1 /* FirebaseAuth */,
				5835F1DA2DB2EFC500DD01D1 /* FirebaseFirestore */,
				5835F1DC2DB2EFC500DD01D1 /* FirebaseStorage */,
				58069D022DE5B00B00BC08B8 /* FirebaseCrashlytics */,
				58069D042DE5B00B00BC08B8 /* FirebasePerformance */,
			);
			productName = TravelGuideApp;
			productReference = 58DED32F2D7DE27B0020808B /* TravelGuideApp.app */;
			productType = "com.apple.product-type.application";
		};
		58DED33E2D7DE27C0020808B /* TravelGuideAppTests */ = {
			isa = PBXNativeTarget;
			buildConfigurationList = 58DED3562D7DE27C0020808B /* Build configuration list for PBXNativeTarget "TravelGuideAppTests" */;
			buildPhases = (
				58DED33B2D7DE27C0020808B /* Sources */,
				58DED33C2D7DE27C0020808B /* Frameworks */,
				58DED33D2D7DE27C0020808B /* Resources */,
			);
			buildRules = (
			);
			dependencies = (
				58DED3412D7DE27C0020808B /* PBXTargetDependency */,
			);
			fileSystemSynchronizedGroups = (
				58DED3422D7DE27C0020808B /* TravelGuideAppTests */,
			);
			name = TravelGuideAppTests;
			packageProductDependencies = (
			);
			productName = TravelGuideAppTests;
			productReference = 58DED33F2D7DE27C0020808B /* TravelGuideAppTests.xctest */;
			productType = "com.apple.product-type.bundle.unit-test";
		};
		58DED3482D7DE27C0020808B /* TravelGuideAppUITests */ = {
			isa = PBXNativeTarget;
			buildConfigurationList = 58DED3592D7DE27C0020808B /* Build configuration list for PBXNativeTarget "TravelGuideAppUITests" */;
			buildPhases = (
				58DED3452D7DE27C0020808B /* Sources */,
				58DED3462D7DE27C0020808B /* Frameworks */,
				58DED3472D7DE27C0020808B /* Resources */,
			);
			buildRules = (
			);
			dependencies = (
				58DED34B2D7DE27C0020808B /* PBXTargetDependency */,
			);
			fileSystemSynchronizedGroups = (
				58DED34C2D7DE27C0020808B /* TravelGuideAppUITests */,
			);
			name = TravelGuideAppUITests;
			packageProductDependencies = (
			);
			productName = TravelGuideAppUITests;
			productReference = 58DED3492D7DE27C0020808B /* TravelGuideAppUITests.xctest */;
			productType = "com.apple.product-type.bundle.ui-testing";
		};
/* End PBXNativeTarget section */

/* Begin PBXProject section */
		58DED3272D7DE27B0020808B /* Project object */ = {
			isa = PBXProject;
			attributes = {
				BuildIndependentTargetsInParallel = 1;
				LastSwiftUpdateCheck = 1600;
				LastUpgradeCheck = 1600;
				TargetAttributes = {
					58DED32E2D7DE27B0020808B = {
						CreatedOnToolsVersion = 16.0;
					};
					58DED33E2D7DE27C0020808B = {
						CreatedOnToolsVersion = 16.0;
						TestTargetID = 58DED32E2D7DE27B0020808B;
					};
					58DED3482D7DE27C0020808B = {
						CreatedOnToolsVersion = 16.0;
						TestTargetID = 58DED32E2D7DE27B0020808B;
					};
				};
			};
			buildConfigurationList = 58DED32A2D7DE27B0020808B /* Build configuration list for PBXProject "TravelGuideApp" */;
			developmentRegion = en;
			hasScannedForEncodings = 0;
			knownRegions = (
				en,
				Base,
			);
			mainGroup = 58DED3262D7DE27B0020808B;
			minimizedProjectReferenceProxies = 1;
			packageReferences = (
				58D3A9372DAD8B3B008E4460 /* XCRemoteSwiftPackageReference "lottie-ios" */,
				5835F1D52DB2EFC500DD01D1 /* XCRemoteSwiftPackageReference "firebase-ios-sdk" */,
			);
			preferredProjectObjectVersion = 77;
			productRefGroup = 58DED3302D7DE27B0020808B /* Products */;
			projectDirPath = "";
			projectRoot = "";
			targets = (
				58DED32E2D7DE27B0020808B /* TravelGuideApp */,
				58DED33E2D7DE27C0020808B /* TravelGuideAppTests */,
				58DED3482D7DE27C0020808B /* TravelGuideAppUITests */,
			);
		};
/* End PBXProject section */

/* Begin PBXResourcesBuildPhase section */
		58DED32D2D7DE27B0020808B /* Resources */ = {
			isa = PBXResourcesBuildPhase;
			buildActionMask = 2147483647;
			files = (
			);
			runOnlyForDeploymentPostprocessing = 0;
		};
		58DED33D2D7DE27C0020808B /* Resources */ = {
			isa = PBXResourcesBuildPhase;
			buildActionMask = 2147483647;
			files = (
			);
			runOnlyForDeploymentPostprocessing = 0;
		};
		58DED3472D7DE27C0020808B /* Resources */ = {
			isa = PBXResourcesBuildPhase;
			buildActionMask = 2147483647;
			files = (
			);
			runOnlyForDeploymentPostprocessing = 0;
		};
/* End PBXResourcesBuildPhase section */

/* Begin PBXSourcesBuildPhase section */
		58DED32B2D7DE27B0020808B /* Sources */ = {
			isa = PBXSourcesBuildPhase;
			buildActionMask = 2147483647;
			files = (
			);
			runOnlyForDeploymentPostprocessing = 0;
		};
		58DED33B2D7DE27C0020808B /* Sources */ = {
			isa = PBXSourcesBuildPhase;
			buildActionMask = 2147483647;
			files = (
			);
			runOnlyForDeploymentPostprocessing = 0;
		};
		58DED3452D7DE27C0020808B /* Sources */ = {
			isa = PBXSourcesBuildPhase;
			buildActionMask = 2147483647;
			files = (
			);
			runOnlyForDeploymentPostprocessing = 0;
		};
/* End PBXSourcesBuildPhase section */

/* Begin PBXTargetDependency section */
		58DED3412D7DE27C0020808B /* PBXTargetDependency */ = {
			isa = PBXTargetDependency;
			target = 58DED32E2D7DE27B0020808B /* TravelGuideApp */;
			targetProxy = 58DED3402D7DE27C0020808B /* PBXContainerItemProxy */;
		};
		58DED34B2D7DE27C0020808B /* PBXTargetDependency */ = {
			isa = PBXTargetDependency;
			target = 58DED32E2D7DE27B0020808B /* TravelGuideApp */;
			targetProxy = 58DED34A2D7DE27C0020808B /* PBXContainerItemProxy */;
		};
/* End PBXTargetDependency section */

/* Begin XCBuildConfiguration section */
		58DED3512D7DE27C0020808B /* Debug */ = {
			isa = XCBuildConfiguration;
			buildSettings = {
				ALWAYS_SEARCH_USER_PATHS = NO;
				ASSETCATALOG_COMPILER_GENERATE_SWIFT_ASSET_SYMBOL_EXTENSIONS = YES;
				CLANG_ANALYZER_NONNULL = YES;
				CLANG_ANALYZER_NUMBER_OBJECT_CONVERSION = YES_AGGRESSIVE;
				CLANG_CXX_LANGUAGE_STANDARD = "gnu++20";
				CLANG_ENABLE_MODULES = YES;
				CLANG_ENABLE_OBJC_ARC = YES;
				CLANG_ENABLE_OBJC_WEAK = YES;
				CLANG_WARN_BLOCK_CAPTURE_AUTORELEASING = YES;
				CLANG_WARN_BOOL_CONVERSION = YES;
				CLANG_WARN_COMMA = YES;
				CLANG_WARN_CONSTANT_CONVERSION = YES;
				CLANG_WARN_DEPRECATED_OBJC_IMPLEMENTATIONS = YES;
				CLANG_WARN_DIRECT_OBJC_ISA_USAGE = YES_ERROR;
				CLANG_WARN_DOCUMENTATION_COMMENTS = YES;
				CLANG_WARN_EMPTY_BODY = YES;
				CLANG_WARN_ENUM_CONVERSION = YES;
				CLANG_WARN_INFINITE_RECURSION = YES;
				CLANG_WARN_INT_CONVERSION = YES;
				CLANG_WARN_NON_LITERAL_NULL_CONVERSION = YES;
				CLANG_WARN_OBJC_IMPLICIT_RETAIN_SELF = YES;
				CLANG_WARN_OBJC_LITERAL_CONVERSION = YES;
				CLANG_WARN_OBJC_ROOT_CLASS = YES_ERROR;
				CLANG_WARN_QUOTED_INCLUDE_IN_FRAMEWORK_HEADER = YES;
				CLANG_WARN_RANGE_LOOP_ANALYSIS = YES;
				CLANG_WARN_STRICT_PROTOTYPES = YES;
				CLANG_WARN_SUSPICIOUS_MOVE = YES;
				CLANG_WARN_UNGUARDED_AVAILABILITY = YES_AGGRESSIVE;
				CLANG_WARN_UNREACHABLE_CODE = YES;
				CLANG_WARN__DUPLICATE_METHOD_MATCH = YES;
				COPY_PHASE_STRIP = NO;
				DEBUG_INFORMATION_FORMAT = dwarf;
				ENABLE_STRICT_OBJC_MSGSEND = YES;
				ENABLE_TESTABILITY = YES;
				ENABLE_USER_SCRIPT_SANDBOXING = YES;
				GCC_C_LANGUAGE_STANDARD = gnu17;
				GCC_DYNAMIC_NO_PIC = NO;
				GCC_NO_COMMON_BLOCKS = YES;
				GCC_OPTIMIZATION_LEVEL = 0;
				GCC_PREPROCESSOR_DEFINITIONS = (
					"DEBUG=1",
					"$(inherited)",
				);
				GCC_WARN_64_TO_32_BIT_CONVERSION = YES;
				GCC_WARN_ABOUT_RETURN_TYPE = YES_ERROR;
				GCC_WARN_UNDECLARED_SELECTOR = YES;
				GCC_WARN_UNINITIALIZED_AUTOS = YES_AGGRESSIVE;
				GCC_WARN_UNUSED_FUNCTION = YES;
				GCC_WARN_UNUSED_VARIABLE = YES;
				IPHONEOS_DEPLOYMENT_TARGET = 18.0;
				LOCALIZATION_PREFERS_STRING_CATALOGS = YES;
				MTL_ENABLE_DEBUG_INFO = INCLUDE_SOURCE;
				MTL_FAST_MATH = YES;
				ONLY_ACTIVE_ARCH = YES;
				SDKROOT = iphoneos;
				SWIFT_ACTIVE_COMPILATION_CONDITIONS = "DEBUG $(inherited)";
				SWIFT_OPTIMIZATION_LEVEL = "-Onone";
			};
			name = Debug;
		};
		58DED3522D7DE27C0020808B /* Release */ = {
			isa = XCBuildConfiguration;
			buildSettings = {
				ALWAYS_SEARCH_USER_PATHS = NO;
				ASSETCATALOG_COMPILER_GENERATE_SWIFT_ASSET_SYMBOL_EXTENSIONS = YES;
				CLANG_ANALYZER_NONNULL = YES;
				CLANG_ANALYZER_NUMBER_OBJECT_CONVERSION = YES_AGGRESSIVE;
				CLANG_CXX_LANGUAGE_STANDARD = "gnu++20";
				CLANG_ENABLE_MODULES = YES;
				CLANG_ENABLE_OBJC_ARC = YES;
				CLANG_ENABLE_OBJC_WEAK = YES;
				CLANG_WARN_BLOCK_CAPTURE_AUTORELEASING = YES;
				CLANG_WARN_BOOL_CONVERSION = YES;
				CLANG_WARN_COMMA = YES;
				CLANG_WARN_CONSTANT_CONVERSION = YES;
				CLANG_WARN_DEPRECATED_OBJC_IMPLEMENTATIONS = YES;
				CLANG_WARN_DIRECT_OBJC_ISA_USAGE = YES_ERROR;
				CLANG_WARN_DOCUMENTATION_COMMENTS = YES;
				CLANG_WARN_EMPTY_BODY = YES;
				CLANG_WARN_ENUM_CONVERSION = YES;
				CLANG_WARN_INFINITE_RECURSION = YES;
				CLANG_WARN_INT_CONVERSION = YES;
				CLANG_WARN_NON_LITERAL_NULL_CONVERSION = YES;
				CLANG_WARN_OBJC_IMPLICIT_RETAIN_SELF = YES;
				CLANG_WARN_OBJC_LITERAL_CONVERSION = YES;
				CLANG_WARN_OBJC_ROOT_CLASS = YES_ERROR;
				CLANG_WARN_QUOTED_INCLUDE_IN_FRAMEWORK_HEADER = YES;
				CLANG_WARN_RANGE_LOOP_ANALYSIS = YES;
				CLANG_WARN_STRICT_PROTOTYPES = YES;
				CLANG_WARN_SUSPICIOUS_MOVE = YES;
				CLANG_WARN_UNGUARDED_AVAILABILITY = YES_AGGRESSIVE;
				CLANG_WARN_UNREACHABLE_CODE = YES;
				CLANG_WARN__DUPLICATE_METHOD_MATCH = YES;
				COPY_PHASE_STRIP = NO;
				DEBUG_INFORMATION_FORMAT = "dwarf-with-dsym";
				ENABLE_NS_ASSERTIONS = NO;
				ENABLE_STRICT_OBJC_MSGSEND = YES;
				ENABLE_USER_SCRIPT_SANDBOXING = YES;
				GCC_C_LANGUAGE_STANDARD = gnu17;
				GCC_NO_COMMON_BLOCKS = YES;
				GCC_WARN_64_TO_32_BIT_CONVERSION = YES;
				GCC_WARN_ABOUT_RETURN_TYPE = YES_ERROR;
				GCC_WARN_UNDECLARED_SELECTOR = YES;
				GCC_WARN_UNINITIALIZED_AUTOS = YES_AGGRESSIVE;
				GCC_WARN_UNUSED_FUNCTION = YES;
				GCC_WARN_UNUSED_VARIABLE = YES;
				IPHONEOS_DEPLOYMENT_TARGET = 18.0;
				LOCALIZATION_PREFERS_STRING_CATALOGS = YES;
				MTL_ENABLE_DEBUG_INFO = NO;
				MTL_FAST_MATH = YES;
				SDKROOT = iphoneos;
				SWIFT_COMPILATION_MODE = wholemodule;
				VALIDATE_PRODUCT = YES;
			};
			name = Release;
		};
		58DED3542D7DE27C0020808B /* Debug */ = {
			isa = XCBuildConfiguration;
			buildSettings = {
				ASSETCATALOG_COMPILER_APPICON_NAME = AppIcon;
				ASSETCATALOG_COMPILER_GLOBAL_ACCENT_COLOR_NAME = AccentColor;
				CODE_SIGN_STYLE = Automatic;
				CURRENT_PROJECT_VERSION = 1;
				DEVELOPMENT_ASSET_PATHS = "\"TravelGuideApp/Preview Content\"";
				DEVELOPMENT_TEAM = VKV48VRAFG;
				ENABLE_PREVIEWS = YES;
				GENERATE_INFOPLIST_FILE = YES;
				INFOPLIST_FILE = TravelGuideApp/Info.plist;
				INFOPLIST_KEY_LSApplicationCategoryType = "";
				INFOPLIST_KEY_NSCameraUsageDescription = "Bu uygulama, fotoğraf çekme ve kamera erişimi için izninizi gerektirir.";
				INFOPLIST_KEY_NSPhotoLibraryAddUsageDescription = "Bu uygulama çektiğiniz fotoğrafları galerinize kaydetmek için izin ister.";
				INFOPLIST_KEY_UIApplicationSceneManifest_Generation = YES;
				INFOPLIST_KEY_UIApplicationSupportsIndirectInputEvents = YES;
				INFOPLIST_KEY_UILaunchScreen_Generation = YES;
				INFOPLIST_KEY_UISupportedInterfaceOrientations_iPad = "UIInterfaceOrientationPortrait UIInterfaceOrientationPortraitUpsideDown UIInterfaceOrientationLandscapeLeft UIInterfaceOrientationLandscapeRight";
				INFOPLIST_KEY_UISupportedInterfaceOrientations_iPhone = "UIInterfaceOrientationPortrait UIInterfaceOrientationLandscapeLeft UIInterfaceOrientationLandscapeRight";
				LD_RUNPATH_SEARCH_PATHS = (
					"$(inherited)",
					"@executable_path/Frameworks",
				);
				MARKETING_VERSION = 1.0;
				PRODUCT_BUNDLE_IDENTIFIER = com.onatozgen.TravelGuideApp;
				PRODUCT_NAME = "$(TARGET_NAME)";
				SWIFT_EMIT_LOC_STRINGS = YES;
				SWIFT_VERSION = 5.0;
				TARGETED_DEVICE_FAMILY = "1,2";
			};
			name = Debug;
		};
		58DED3552D7DE27C0020808B /* Release */ = {
			isa = XCBuildConfiguration;
			buildSettings = {
				ASSETCATALOG_COMPILER_APPICON_NAME = AppIcon;
				ASSETCATALOG_COMPILER_GLOBAL_ACCENT_COLOR_NAME = AccentColor;
				CODE_SIGN_STYLE = Automatic;
				CURRENT_PROJECT_VERSION = 1;
				DEVELOPMENT_ASSET_PATHS = "\"TravelGuideApp/Preview Content\"";
				DEVELOPMENT_TEAM = VKV48VRAFG;
				ENABLE_PREVIEWS = YES;
				GENERATE_INFOPLIST_FILE = YES;
				INFOPLIST_FILE = TravelGuideApp/Info.plist;
				INFOPLIST_KEY_LSApplicationCategoryType = "";
				INFOPLIST_KEY_NSCameraUsageDescription = "Bu uygulama, fotoğraf çekme ve kamera erişimi için izninizi gerektirir.";
				INFOPLIST_KEY_NSPhotoLibraryAddUsageDescription = "Bu uygulama çektiğiniz fotoğrafları galerinize kaydetmek için izin ister.";
				INFOPLIST_KEY_UIApplicationSceneManifest_Generation = YES;
				INFOPLIST_KEY_UIApplicationSupportsIndirectInputEvents = YES;
				INFOPLIST_KEY_UILaunchScreen_Generation = YES;
				INFOPLIST_KEY_UISupportedInterfaceOrientations_iPad = "UIInterfaceOrientationPortrait UIInterfaceOrientationPortraitUpsideDown UIInterfaceOrientationLandscapeLeft UIInterfaceOrientationLandscapeRight";
				INFOPLIST_KEY_UISupportedInterfaceOrientations_iPhone = "UIInterfaceOrientationPortrait UIInterfaceOrientationLandscapeLeft UIInterfaceOrientationLandscapeRight";
				LD_RUNPATH_SEARCH_PATHS = (
					"$(inherited)",
					"@executable_path/Frameworks",
				);
				MARKETING_VERSION = 1.0;
				PRODUCT_BUNDLE_IDENTIFIER = com.onatozgen.TravelGuideApp;
				PRODUCT_NAME = "$(TARGET_NAME)";
				SWIFT_EMIT_LOC_STRINGS = YES;
				SWIFT_VERSION = 5.0;
				TARGETED_DEVICE_FAMILY = "1,2";
			};
			name = Release;
		};
		58DED3572D7DE27C0020808B /* Debug */ = {
			isa = XCBuildConfiguration;
			buildSettings = {
				BUNDLE_LOADER = "$(TEST_HOST)";
				CODE_SIGN_STYLE = Automatic;
				CURRENT_PROJECT_VERSION = 1;
				GENERATE_INFOPLIST_FILE = YES;
				IPHONEOS_DEPLOYMENT_TARGET = 18.0;
				MARKETING_VERSION = 1.0;
				PRODUCT_BUNDLE_IDENTIFIER = com.onatozgen.TravelGuideAppTests;
				PRODUCT_NAME = "$(TARGET_NAME)";
				SWIFT_EMIT_LOC_STRINGS = NO;
				SWIFT_VERSION = 5.0;
				TARGETED_DEVICE_FAMILY = "1,2";
				TEST_HOST = "$(BUILT_PRODUCTS_DIR)/TravelGuideApp.app/$(BUNDLE_EXECUTABLE_FOLDER_PATH)/TravelGuideApp";
			};
			name = Debug;
		};
		58DED3582D7DE27C0020808B /* Release */ = {
			isa = XCBuildConfiguration;
			buildSettings = {
				BUNDLE_LOADER = "$(TEST_HOST)";
				CODE_SIGN_STYLE = Automatic;
				CURRENT_PROJECT_VERSION = 1;
				GENERATE_INFOPLIST_FILE = YES;
				IPHONEOS_DEPLOYMENT_TARGET = 18.0;
				MARKETING_VERSION = 1.0;
				PRODUCT_BUNDLE_IDENTIFIER = com.onatozgen.TravelGuideAppTests;
				PRODUCT_NAME = "$(TARGET_NAME)";
				SWIFT_EMIT_LOC_STRINGS = NO;
				SWIFT_VERSION = 5.0;
				TARGETED_DEVICE_FAMILY = "1,2";
				TEST_HOST = "$(BUILT_PRODUCTS_DIR)/TravelGuideApp.app/$(BUNDLE_EXECUTABLE_FOLDER_PATH)/TravelGuideApp";
			};
			name = Release;
		};
		58DED35A2D7DE27C0020808B /* Debug */ = {
			isa = XCBuildConfiguration;
			buildSettings = {
				CODE_SIGN_STYLE = Automatic;
				CURRENT_PROJECT_VERSION = 1;
				GENERATE_INFOPLIST_FILE = YES;
				MARKETING_VERSION = 1.0;
				PRODUCT_BUNDLE_IDENTIFIER = com.onatozgen.TravelGuideAppUITests;
				PRODUCT_NAME = "$(TARGET_NAME)";
				SWIFT_EMIT_LOC_STRINGS = NO;
				SWIFT_VERSION = 5.0;
				TARGETED_DEVICE_FAMILY = "1,2";
				TEST_TARGET_NAME = TravelGuideApp;
			};
			name = Debug;
		};
		58DED35B2D7DE27C0020808B /* Release */ = {
			isa = XCBuildConfiguration;
			buildSettings = {
				CODE_SIGN_STYLE = Automatic;
				CURRENT_PROJECT_VERSION = 1;
				GENERATE_INFOPLIST_FILE = YES;
				MARKETING_VERSION = 1.0;
				PRODUCT_BUNDLE_IDENTIFIER = com.onatozgen.TravelGuideAppUITests;
				PRODUCT_NAME = "$(TARGET_NAME)";
				SWIFT_EMIT_LOC_STRINGS = NO;
				SWIFT_VERSION = 5.0;
				TARGETED_DEVICE_FAMILY = "1,2";
				TEST_TARGET_NAME = TravelGuideApp;
			};
			name = Release;
		};
/* End XCBuildConfiguration section */

/* Begin XCConfigurationList section */
		58DED32A2D7DE27B0020808B /* Build configuration list for PBXProject "TravelGuideApp" */ = {
			isa = XCConfigurationList;
			buildConfigurations = (
				58DED3512D7DE27C0020808B /* Debug */,
				58DED3522D7DE27C0020808B /* Release */,
			);
			defaultConfigurationIsVisible = 0;
			defaultConfigurationName = Release;
		};
		58DED3532D7DE27C0020808B /* Build configuration list for PBXNativeTarget "TravelGuideApp" */ = {
			isa = XCConfigurationList;
			buildConfigurations = (
				58DED3542D7DE27C0020808B /* Debug */,
				58DED3552D7DE27C0020808B /* Release */,
			);
			defaultConfigurationIsVisible = 0;
			defaultConfigurationName = Release;
		};
		58DED3562D7DE27C0020808B /* Build configuration list for PBXNativeTarget "TravelGuideAppTests" */ = {
			isa = XCConfigurationList;
			buildConfigurations = (
				58DED3572D7DE27C0020808B /* Debug */,
				58DED3582D7DE27C0020808B /* Release */,
			);
			defaultConfigurationIsVisible = 0;
			defaultConfigurationName = Release;
		};
		58DED3592D7DE27C0020808B /* Build configuration list for PBXNativeTarget "TravelGuideAppUITests" */ = {
			isa = XCConfigurationList;
			buildConfigurations = (
				58DED35A2D7DE27C0020808B /* Debug */,
				58DED35B2D7DE27C0020808B /* Release */,
			);
			defaultConfigurationIsVisible = 0;
			defaultConfigurationName = Release;
		};
/* End XCConfigurationList section */

/* Begin XCRemoteSwiftPackageReference section */
		5835F1D52DB2EFC500DD01D1 /* XCRemoteSwiftPackageReference "firebase-ios-sdk" */ = {
			isa = XCRemoteSwiftPackageReference;
			repositoryURL = "https://github.com/firebase/firebase-ios-sdk";
			requirement = {
				kind = upToNextMajorVersion;
				minimumVersion = 11.11.0;
			};
		};
		58D3A9372DAD8B3B008E4460 /* XCRemoteSwiftPackageReference "lottie-ios" */ = {
			isa = XCRemoteSwiftPackageReference;
			repositoryURL = "https://github.com/airbnb/lottie-ios";
			requirement = {
				kind = upToNextMajorVersion;
				minimumVersion = 4.5.1;
			};
		};
/* End XCRemoteSwiftPackageReference section */

/* Begin XCSwiftPackageProductDependency section */
		58069D022DE5B00B00BC08B8 /* FirebaseCrashlytics */ = {
			isa = XCSwiftPackageProductDependency;
			package = 5835F1D52DB2EFC500DD01D1 /* XCRemoteSwiftPackageReference "firebase-ios-sdk" */;
			productName = FirebaseCrashlytics;
		};
		58069D042DE5B00B00BC08B8 /* FirebasePerformance */ = {
			isa = XCSwiftPackageProductDependency;
			package = 5835F1D52DB2EFC500DD01D1 /* XCRemoteSwiftPackageReference "firebase-ios-sdk" */;
			productName = FirebasePerformance;
		};
		5835F1D62DB2EFC500DD01D1 /* FirebaseAnalytics */ = {
			isa = XCSwiftPackageProductDependency;
			package = 5835F1D52DB2EFC500DD01D1 /* XCRemoteSwiftPackageReference "firebase-ios-sdk" */;
			productName = FirebaseAnalytics;
		};
		5835F1D82DB2EFC500DD01D1 /* FirebaseAuth */ = {
			isa = XCSwiftPackageProductDependency;
			package = 5835F1D52DB2EFC500DD01D1 /* XCRemoteSwiftPackageReference "firebase-ios-sdk" */;
			productName = FirebaseAuth;
		};
		5835F1DA2DB2EFC500DD01D1 /* FirebaseFirestore */ = {
			isa = XCSwiftPackageProductDependency;
			package = 5835F1D52DB2EFC500DD01D1 /* XCRemoteSwiftPackageReference "firebase-ios-sdk" */;
			productName = FirebaseFirestore;
		};
		5835F1DC2DB2EFC500DD01D1 /* FirebaseStorage */ = {
			isa = XCSwiftPackageProductDependency;
			package = 5835F1D52DB2EFC500DD01D1 /* XCRemoteSwiftPackageReference "firebase-ios-sdk" */;
			productName = FirebaseStorage;
		};
		58D3A9382DAD8B3B008E4460 /* Lottie */ = {
			isa = XCSwiftPackageProductDependency;
			package = 58D3A9372DAD8B3B008E4460 /* XCRemoteSwiftPackageReference "lottie-ios" */;
			productName = Lottie;
		};
/* End XCSwiftPackageProductDependency section */
	};
	rootObject = 58DED3272D7DE27B0020808B /* Project object */;
}
